PODS:
  - IQKeyboardManagerSwift (6.0.5)
  - NVActivityIndicatorView (4.4.1):
    - NVActivityIndicatorView/Presenter (= 4.4.1)
  - NVActivityIndicatorView/Presenter (4.4.1)
  - SVProgressHUD (2.2.5)

DEPENDENCIES:
  - IQKeyboardManagerSwift (~> 6.0.4)
  - NVActivityIndicatorView (~> 4.4.1)
  - SVProgressHUD (~> 2.2.5)

SPEC REPOS:
  https://github.com/cocoapods/specs.git:
    - IQKeyboardManagerSwift
    - NVActivityIndicatorView
    - SVProgressHUD

SPEC CHECKSUMS:
  IQKeyboardManagerSwift: c14eca30f6001457d6ddf25e313f23fb6578c41c
  NVActivityIndicatorView: f0a6b0ed2973d9544da268f4eb76696f0a9577b0
  SVProgressHUD: 1428aafac632c1f86f62aa4243ec12008d7a51d6

PODFILE CHECKSUM: 4b2238a94429d09a22a3550f4e4d56bde64d7673

COCOAPODS: 1.7.5
